
Microsoft Visual Studio Solution File, Format Version 12.00
# Visual Studio Version 17
VisualStudioVersion = 17.6.33801.468
MinimumVisualStudioVersion = 10.0.40219.1
Project("{FAE04EC0-301F-11D3-BF4B-00C04F79EFBC}") = "08OOP-Encapsulation", "08OOP-Encapsulation\08OOP-Encapsulation.csproj", "{F028B9BA-83C1-4A0F-BE27-F8BB288C50A1}"
EndProject
Global
	GlobalSection(SolutionConfigurationPlatforms) = preSolution
		Debug|Any CPU = Debug|Any CPU
		Release|Any CPU = Release|Any CPU
	EndGlobalSection
	GlobalSection(ProjectConfigurationPlatforms) = postSolution
		{F028B9BA-83C1-4A0F-BE27-F8BB288C50A1}.Debug|Any CPU.ActiveCfg = Debug|Any CPU
		{F028B9BA-83C1-4A0F-BE27-F8BB288C50A1}.Debug|Any CPU.Build.0 = Debug|Any CPU
		{F028B9BA-83C1-4A0F-BE27-F8BB288C50A1}.Release|Any CPU.ActiveCfg = Release|Any CPU
		{F028B9BA-83C1-4A0F-BE27-F8BB288C50A1}.Release|Any CPU.Build.0 = Release|Any CPU
	EndGlobalSection
	GlobalSection(SolutionProperties) = preSolution
		HideSolutionNode = FALSE
	EndGlobalSection
	GlobalSection(ExtensibilityGlobals) = postSolution
		SolutionGuid = {516D115A-94B8-4AC3-BB09-D45EE0E121D7}
	EndGlobalSection
EndGlobal
