
Microsoft Visual Studio Solution File, Format Version 12.00
# Visual Studio Version 16
VisualStudioVersion = 25.0.1706.0
MinimumVisualStudioVersion = 10.0.40219.1
Project("{FAE04EC0-301F-11D3-BF4B-00C04F79EFBC}") = "09OOP-Statics", "09OOP-Statics\09OOP-Statics.csproj", "{6FF0CD60-4854-4C8D-80D3-21D0BEEF1E87}"
EndProject
Global
	GlobalSection(SolutionConfigurationPlatforms) = preSolution
		Debug|Any CPU = Debug|Any CPU
		Release|Any CPU = Release|Any CPU
	EndGlobalSection
	GlobalSection(ProjectConfigurationPlatforms) = postSolution
		{6FF0CD60-4854-4C8D-80D3-21D0BEEF1E87}.Debug|Any CPU.ActiveCfg = Debug|Any CPU
		{6FF0CD60-4854-4C8D-80D3-21D0BEEF1E87}.Debug|Any CPU.Build.0 = Debug|Any CPU
		{6FF0CD60-4854-4C8D-80D3-21D0BEEF1E87}.Release|Any CPU.ActiveCfg = Release|Any CPU
		{6FF0CD60-4854-4C8D-80D3-21D0BEEF1E87}.Release|Any CPU.Build.0 = Release|Any CPU
	EndGlobalSection
	GlobalSection(SolutionProperties) = preSolution
		HideSolutionNode = FALSE
	EndGlobalSection
	GlobalSection(ExtensibilityGlobals) = postSolution
		SolutionGuid = {3450FCCD-8A3D-4840-8AEE-ACB5D7BCBB69}
	EndGlobalSection
EndGlobal
